
Microsoft Visual Studio Solution File, Format Version 12.00
# Visual Studio Version 16
VisualStudioVersion = 16.0.31424.327
MinimumVisualStudioVersion = 10.0.40219.1
Project("{FAE04EC0-301F-11D3-BF4B-00C04F79EFBC}") = "KsisWebSocketClientTCP", "KsisWebSocketClientTCP\KsisWebSocketClientTCP.csproj", "{781E0E3B-82FD-406C-B054-14B4D45D0566}"
EndProject
Global
	GlobalSection(SolutionConfigurationPlatforms) = preSolution
		Debug|Any CPU = Debug|Any CPU
		Release|Any CPU = Release|Any CPU
	EndGlobalSection
	GlobalSection(ProjectConfigurationPlatforms) = postSolution
		{781E0E3B-82FD-406C-B054-14B4D45D0566}.Debug|Any CPU.ActiveCfg = Debug|Any CPU
		{781E0E3B-82FD-406C-B054-14B4D45D0566}.Debug|Any CPU.Build.0 = Debug|Any CPU
		{781E0E3B-82FD-406C-B054-14B4D45D0566}.Release|Any CPU.ActiveCfg = Release|Any CPU
		{781E0E3B-82FD-406C-B054-14B4D45D0566}.Release|Any CPU.Build.0 = Release|Any CPU
	EndGlobalSection
	GlobalSection(SolutionProperties) = preSolution
		HideSolutionNode = FALSE
	EndGlobalSection
	GlobalSection(ExtensibilityGlobals) = postSolution
		SolutionGuid = {D4E025A7-BC56-45AC-8547-4C40E7C3EBF3}
	EndGlobalSection
EndGlobal
